
Microsoft Visual Studio Solution File, Format Version 12.00
# Visual Studio 2013
VisualStudioVersion = 12.0.31101.0
MinimumVisualStudioVersion = 10.0.40219.1
Project("{FAE04EC0-301F-11D3-BF4B-00C04F79EFBC}") = "AvocadoFramework", "AvocadoFramework\AvocadoFramework.csproj", "{A6ED1FA8-473E-4A25-8764-0BA4F5A984BE}"
EndProject
Project("{FAE04EC0-301F-11D3-BF4B-00C04F79EFBC}") = "AvocadoUtilities", "AvocadoUtilities\AvocadoUtilities.csproj", "{7BA3C2E8-74DE-4165-8E6C-41B8E40688A1}"
EndProject
Global
	GlobalSection(SolutionConfigurationPlatforms) = preSolution
		Debug|Any CPU = Debug|Any CPU
		Release|Any CPU = Release|Any CPU
	EndGlobalSection
	GlobalSection(ProjectConfigurationPlatforms) = postSolution
		{A6ED1FA8-473E-4A25-8764-0BA4F5A984BE}.Debug|Any CPU.ActiveCfg = Debug|Any CPU
		{A6ED1FA8-473E-4A25-8764-0BA4F5A984BE}.Debug|Any CPU.Build.0 = Debug|Any CPU
		{A6ED1FA8-473E-4A25-8764-0BA4F5A984BE}.Release|Any CPU.ActiveCfg = Release|Any CPU
		{A6ED1FA8-473E-4A25-8764-0BA4F5A984BE}.Release|Any CPU.Build.0 = Release|Any CPU
		{7BA3C2E8-74DE-4165-8E6C-41B8E40688A1}.Debug|Any CPU.ActiveCfg = Debug|Any CPU
		{7BA3C2E8-74DE-4165-8E6C-41B8E40688A1}.Debug|Any CPU.Build.0 = Debug|Any CPU
		{7BA3C2E8-74DE-4165-8E6C-41B8E40688A1}.Release|Any CPU.ActiveCfg = Release|Any CPU
		{7BA3C2E8-74DE-4165-8E6C-41B8E40688A1}.Release|Any CPU.Build.0 = Release|Any CPU
	EndGlobalSection
	GlobalSection(SolutionProperties) = preSolution
		HideSolutionNode = FALSE
	EndGlobalSection
EndGlobal
